// !$*UTF8*$!
{
	archiveVersion = 1;
	classes = {
	};
	objectVersion = 56;
	objects = {

/* Begin PBXBuildFile section */
		BA9ADE9C2CA438C400F80ACA /* AppDelegate.swift in Sources */ = {isa = PBXBuildFile; fileRef = BA9ADE9B2CA438C400F80ACA /* AppDelegate.swift */; };
		BA9ADE9E2CA438C400F80ACA /* SceneDelegate.swift in Sources */ = {isa = PBXBuildFile; fileRef = BA9ADE9D2CA438C400F80ACA /* SceneDelegate.swift */; };
		BA9ADEA02CA438C400F80ACA /* ViewController.swift in Sources */ = {isa = PBXBuildFile; fileRef = BA9ADE9F2CA438C400F80ACA /* ViewController.swift */; };
		BA9ADEA32CA438C400F80ACA /* Base in Resources */ = {isa = PBXBuildFile; fileRef = BA9ADEA22CA438C400F80ACA /* Base */; };
		BA9ADEA62CA438C400F80ACA /* ClickerAppGough.xcdatamodeld in Sources */ = {isa = PBXBuildFile; fileRef = BA9ADEA42CA438C400F80ACA /* ClickerAppGough.xcdatamodeld */; };
		BA9ADEA82CA438C600F80ACA /* Assets.xcassets in Resources */ = {isa = PBXBuildFile; fileRef = BA9ADEA72CA438C600F80ACA /* Assets.xcassets */; };
		BA9ADEAB2CA438C600F80ACA /* Base in Resources */ = {isa = PBXBuildFile; fileRef = BA9ADEAA2CA438C600F80ACA /* Base */; };
		BA9ADEB52CA43BD000F80ACA /* StoreViewController.swift in Sources */ = {isa = PBXBuildFile; fileRef = BA9ADEB42CA43BD000F80ACA /* StoreViewController.swift */; };
/* End PBXBuildFile section */

/* Begin PBXFileReference section */
		BA9ADE982CA438C400F80ACA /* ClickerAppGough.app */ = {isa = PBXFileReference; explicitFileType = wrapper.application; includeInIndex = 0; path = ClickerAppGough.app; sourceTree = BUILT_PRODUCTS_DIR; };
		BA9ADE9B2CA438C400F80ACA /* AppDelegate.swift */ = {isa = PBXFileReference; lastKnownFileType = sourcecode.swift; path = AppDelegate.swift; sourceTree = "<group>"; };
		BA9ADE9D2CA438C400F80ACA /* SceneDelegate.swift */ = {isa = PBXFileReference; lastKnownFileType = sourcecode.swift; path = SceneDelegate.swift; sourceTree = "<group>"; };
		BA9ADE9F2CA438C400F80ACA /* ViewController.swift */ = {isa = PBXFileReference; lastKnownFileType = sourcecode.swift; path = ViewController.swift; sourceTree = "<group>"; };
		BA9ADEA22CA438C400F80ACA /* Base */ = {isa = PBXFileReference; lastKnownFileType = file.storyboard; name = Base; path = Base.lproj/Main.storyboard; sourceTree = "<group>"; };
		BA9ADEA52CA438C400F80ACA /* ClickerAppGough.xcdatamodel */ = {isa = PBXFileReference; lastKnownFileType = wrapper.xcdatamodel; path = ClickerAppGough.xcdatamodel; sourceTree = "<group>"; };
		BA9ADEA72CA438C600F80ACA /* Assets.xcassets */ = {isa = PBXFileReference; lastKnownFileType = folder.assetcatalog; path = Assets.xcassets; sourceTree = "<group>"; };
		BA9ADEAA2CA438C600F80ACA /* Base */ = {isa = PBXFileReference; lastKnownFileType = file.storyboard; name = Base; path = Base.lproj/LaunchScreen.storyboard; sourceTree = "<group>"; };
		BA9ADEAC2CA438C600F80ACA /* Info.plist */ = {isa = PBXFileReference; lastKnownFileType = text.plist.xml; path = Info.plist; sourceTree = "<group>"; };
		BA9ADEB42CA43BD000F80ACA /* StoreViewController.swift */ = {isa = PBXFileReference; lastKnownFileType = sourcecode.swift; path = StoreViewController.swift; sourceTree = "<group>"; };
/* End PBXFileReference section */

/* Begin PBXFrameworksBuildPhase section */
		BA9ADE952CA438C400F80ACA /* Frameworks */ = {
			isa = PBXFrameworksBuildPhase;
			buildActionMask = 2147483647;
			files = (
			);
			runOnlyForDeploymentPostprocessing = 0;
		};
/* End PBXFrameworksBuildPhase section */

/* Begin PBXGroup section */
		BA9ADE8F2CA438C400F80ACA = {
			isa = PBXGroup;
			children = (
				BA9ADEB42CA43BD000F80ACA /* StoreViewController.swift */,
				BA9ADE9A2CA438C400F80ACA /* ClickerAppGough */,
				BA9ADE992CA438C400F80ACA /* Products */,
			);
			sourceTree = "<group>";
		};
		BA9ADE992CA438C400F80ACA /* Products */ = {
			isa = PBXGroup;
			children = (
				BA9ADE982CA438C400F80ACA /* ClickerAppGough.app */,
			);
			name = Products;
			sourceTree = "<group>";
		};
		BA9ADE9A2CA438C400F80ACA /* ClickerAppGough */ = {
			isa = PBXGroup;
			children = (
				BA9ADE9B2CA438C400F80ACA /* AppDelegate.swift */,
				BA9ADE9D2CA438C400F80ACA /* SceneDelegate.swift */,
				BA9ADE9F2CA438C400F80ACA /* ViewController.swift */,
				BA9ADEA12CA438C400F80ACA /* Main.storyboard */,
				BA9ADEA72CA438C600F80ACA /* Assets.xcassets */,
				BA9ADEA92CA438C600F80ACA /* LaunchScreen.storyboard */,
				BA9ADEAC2CA438C600F80ACA /* Info.plist */,
				BA9ADEA42CA438C400F80ACA /* ClickerAppGough.xcdatamodeld */,
			);
			path = ClickerAppGough;
			sourceTree = "<group>";
		};
/* End PBXGroup section */

/* Begin PBXNativeTarget section */
		BA9ADE972CA438C400F80ACA /* ClickerAppGough */ = {
			isa = PBXNativeTarget;
			buildConfigurationList = BA9ADEAF2CA438C600F80ACA /* Build configuration list for PBXNativeTarget "ClickerAppGough" */;
			buildPhases = (
				BA9ADE942CA438C400F80ACA /* Sources */,
				BA9ADE952CA438C400F80ACA /* Frameworks */,
				BA9ADE962CA438C400F80ACA /* Resources */,
			);
			buildRules = (
			);
			dependencies = (
			);
			name = ClickerAppGough;
			productName = ClickerAppGough;
			productReference = BA9ADE982CA438C400F80ACA /* ClickerAppGough.app */;
			productType = "com.apple.product-type.application";
		};
/* End PBXNativeTarget section */

/* Begin PBXProject section */
		BA9ADE902CA438C400F80ACA /* Project object */ = {
			isa = PBXProject;
			attributes = {
				BuildIndependentTargetsInParallel = 1;
				LastSwiftUpdateCheck = 1540;
				LastUpgradeCheck = 1540;
				TargetAttributes = {
					BA9ADE972CA438C400F80ACA = {
						CreatedOnToolsVersion = 15.4;
					};
				};
			};
			buildConfigurationList = BA9ADE932CA438C400F80ACA /* Build configuration list for PBXProject "ClickerAppGough" */;
			compatibilityVersion = "Xcode 14.0";
			developmentRegion = en;
			hasScannedForEncodings = 0;
			knownRegions = (
				en,
				Base,
			);
			mainGroup = BA9ADE8F2CA438C400F80ACA;
			productRefGroup = BA9ADE992CA438C400F80ACA /* Products */;
			projectDirPath = "";
			projectRoot = "";
			targets = (
				BA9ADE972CA438C400F80ACA /* ClickerAppGough */,
			);
		};
/* End PBXProject section */

/* Begin PBXResourcesBuildPhase section */
		BA9ADE962CA438C400F80ACA /* Resources */ = {
			isa = PBXResourcesBuildPhase;
			buildActionMask = 2147483647;
			files = (
				BA9ADEA82CA438C600F80ACA /* Assets.xcassets in Resources */,
				BA9ADEAB2CA438C600F80ACA /* Base in Resources */,
				BA9ADEA32CA438C400F80ACA /* Base in Resources */,
			);
			runOnlyForDeploymentPostprocessing = 0;
		};
/* End PBXResourcesBuildPhase section */

/* Begin PBXSourcesBuildPhase section */
		BA9ADE942CA438C400F80ACA /* Sources */ = {
			isa = PBXSourcesBuildPhase;
			buildActionMask = 2147483647;
			files = (
				BA9ADEA62CA438C400F80ACA /* ClickerAppGough.xcdatamodeld in Sources */,
				BA9ADEB52CA43BD000F80ACA /* StoreViewController.swift in Sources */,
				BA9ADEA02CA438C400F80ACA /* ViewController.swift in Sources */,
				BA9ADE9C2CA438C400F80ACA /* AppDelegate.swift in Sources */,
				BA9ADE9E2CA438C400F80ACA /* SceneDelegate.swift in Sources */,
			);
			runOnlyForDeploymentPostprocessing = 0;
		};
/* End PBXSourcesBuildPhase section */

/* Begin PBXVariantGroup section */
		BA9ADEA12CA438C400F80ACA /* Main.storyboard */ = {
			isa = PBXVariantGroup;
			children = (
				BA9ADEA22CA438C400F80ACA /* Base */,
			);
			name = Main.storyboard;
			sourceTree = "<group>";
		};
		BA9ADEA92CA438C600F80ACA /* LaunchScreen.storyboard */ = {
			isa = PBXVariantGroup;
			children = (
				BA9ADEAA2CA438C600F80ACA /* Base */,
			);
			name = LaunchScreen.storyboard;
			sourceTree = "<group>";
		};
/* End PBXVariantGroup section */

/* Begin XCBuildConfiguration section */
		BA9ADEAD2CA438C600F80ACA /* Debug */ = {
			isa = XCBuildConfiguration;
			buildSettings = {
				ALWAYS_SEARCH_USER_PATHS = NO;
				ASSETCATALOG_COMPILER_GENERATE_SWIFT_ASSET_SYMBOL_EXTENSIONS = YES;
				CLANG_ANALYZER_NONNULL = YES;
				CLANG_ANALYZER_NUMBER_OBJECT_CONVERSION = YES_AGGRESSIVE;
				CLANG_CXX_LANGUAGE_STANDARD = "gnu++20";
				CLANG_ENABLE_MODULES = YES;
				CLANG_ENABLE_OBJC_ARC = YES;
				CLANG_ENABLE_OBJC_WEAK = YES;
				CLANG_WARN_BLOCK_CAPTURE_AUTORELEASING = YES;
				CLANG_WARN_BOOL_CONVERSION = YES;
				CLANG_WARN_COMMA = YES;
				CLANG_WARN_CONSTANT_CONVERSION = YES;
				CLANG_WARN_DEPRECATED_OBJC_IMPLEMENTATIONS = YES;
				CLANG_WARN_DIRECT_OBJC_ISA_USAGE = YES_ERROR;
				CLANG_WARN_DOCUMENTATION_COMMENTS = YES;
				CLANG_WARN_EMPTY_BODY = YES;
				CLANG_WARN_ENUM_CONVERSION = YES;
				CLANG_WARN_INFINITE_RECURSION = YES;
				CLANG_WARN_INT_CONVERSION = YES;
				CLANG_WARN_NON_LITERAL_NULL_CONVERSION = YES;
				CLANG_WARN_OBJC_IMPLICIT_RETAIN_SELF = YES;
				CLANG_WARN_OBJC_LITERAL_CONVERSION = YES;
				CLANG_WARN_OBJC_ROOT_CLASS = YES_ERROR;
				CLANG_WARN_QUOTED_INCLUDE_IN_FRAMEWORK_HEADER = YES;
				CLANG_WARN_RANGE_LOOP_ANALYSIS = YES;
				CLANG_WARN_STRICT_PROTOTYPES = YES;
				CLANG_WARN_SUSPICIOUS_MOVE = YES;
				CLANG_WARN_UNGUARDED_AVAILABILITY = YES_AGGRESSIVE;
				CLANG_WARN_UNREACHABLE_CODE = YES;
				CLANG_WARN__DUPLICATE_METHOD_MATCH = YES;
				COPY_PHASE_STRIP = NO;
				DEBUG_INFORMATION_FORMAT = dwarf;
				ENABLE_STRICT_OBJC_MSGSEND = YES;
				ENABLE_TESTABILITY = YES;
				ENABLE_USER_SCRIPT_SANDBOXING = YES;
				GCC_C_LANGUAGE_STANDARD = gnu17;
				GCC_DYNAMIC_NO_PIC = NO;
				GCC_NO_COMMON_BLOCKS = YES;
				GCC_OPTIMIZATION_LEVEL = 0;
				GCC_PREPROCESSOR_DEFINITIONS = (
					"DEBUG=1",
					"$(inherited)",
				);
				GCC_WARN_64_TO_32_BIT_CONVERSION = YES;
				GCC_WARN_ABOUT_RETURN_TYPE = YES_ERROR;
				GCC_WARN_UNDECLARED_SELECTOR = YES;
				GCC_WARN_UNINITIALIZED_AUTOS = YES_AGGRESSIVE;
				GCC_WARN_UNUSED_FUNCTION = YES;
				GCC_WARN_UNUSED_VARIABLE = YES;
				IPHONEOS_DEPLOYMENT_TARGET = 17.5;
				LOCALIZATION_PREFERS_STRING_CATALOGS = YES;
				MTL_ENABLE_DEBUG_INFO = INCLUDE_SOURCE;
				MTL_FAST_MATH = YES;
				ONLY_ACTIVE_ARCH = YES;
				SDKROOT = iphoneos;
				SWIFT_ACTIVE_COMPILATION_CONDITIONS = "DEBUG $(inherited)";
				SWIFT_OPTIMIZATION_LEVEL = "-Onone";
			};
			name = Debug;
		};
		BA9ADEAE2CA438C600F80ACA /* Release */ = {
			isa = XCBuildConfiguration;
			buildSettings = {
				ALWAYS_SEARCH_USER_PATHS = NO;
				ASSETCATALOG_COMPILER_GENERATE_SWIFT_ASSET_SYMBOL_EXTENSIONS = YES;
				CLANG_ANALYZER_NONNULL = YES;
				CLANG_ANALYZER_NUMBER_OBJECT_CONVERSION = YES_AGGRESSIVE;
				CLANG_CXX_LANGUAGE_STANDARD = "gnu++20";
				CLANG_ENABLE_MODULES = YES;
				CLANG_ENABLE_OBJC_ARC = YES;
				CLANG_ENABLE_OBJC_WEAK = YES;
				CLANG_WARN_BLOCK_CAPTURE_AUTORELEASING = YES;
				CLANG_WARN_BOOL_CONVERSION = YES;
				CLANG_WARN_COMMA = YES;
				CLANG_WARN_CONSTANT_CONVERSION = YES;
				CLANG_WARN_DEPRECATED_OBJC_IMPLEMENTATIONS = YES;
				CLANG_WARN_DIRECT_OBJC_ISA_USAGE = YES_ERROR;
				CLANG_WARN_DOCUMENTATION_COMMENTS = YES;
				CLANG_WARN_EMPTY_BODY = YES;
				CLANG_WARN_ENUM_CONVERSION = YES;
				CLANG_WARN_INFINITE_RECURSION = YES;
				CLANG_WARN_INT_CONVERSION = YES;
				CLANG_WARN_NON_LITERAL_NULL_CONVERSION = YES;
				CLANG_WARN_OBJC_IMPLICIT_RETAIN_SELF = YES;
				CLANG_WARN_OBJC_LITERAL_CONVERSION = YES;
				CLANG_WARN_OBJC_ROOT_CLASS = YES_ERROR;
				CLANG_WARN_QUOTED_INCLUDE_IN_FRAMEWORK_HEADER = YES;
				CLANG_WARN_RANGE_LOOP_ANALYSIS = YES;
				CLANG_WARN_STRICT_PROTOTYPES = YES;
				CLANG_WARN_SUSPICIOUS_MOVE = YES;
				CLANG_WARN_UNGUARDED_AVAILABILITY = YES_AGGRESSIVE;
				CLANG_WARN_UNREACHABLE_CODE = YES;
				CLANG_WARN__DUPLICATE_METHOD_MATCH = YES;
				COPY_PHASE_STRIP = NO;
				DEBUG_INFORMATION_FORMAT = "dwarf-with-dsym";
				ENABLE_NS_ASSERTIONS = NO;
				ENABLE_STRICT_OBJC_MSGSEND = YES;
				ENABLE_USER_SCRIPT_SANDBOXING = YES;
				GCC_C_LANGUAGE_STANDARD = gnu17;
				GCC_NO_COMMON_BLOCKS = YES;
				GCC_WARN_64_TO_32_BIT_CONVERSION = YES;
				GCC_WARN_ABOUT_RETURN_TYPE = YES_ERROR;
				GCC_WARN_UNDECLARED_SELECTOR = YES;
				GCC_WARN_UNINITIALIZED_AUTOS = YES_AGGRESSIVE;
				GCC_WARN_UNUSED_FUNCTION = YES;
				GCC_WARN_UNUSED_VARIABLE = YES;
				IPHONEOS_DEPLOYMENT_TARGET = 17.5;
				LOCALIZATION_PREFERS_STRING_CATALOGS = YES;
				MTL_ENABLE_DEBUG_INFO = NO;
				MTL_FAST_MATH = YES;
				SDKROOT = iphoneos;
				SWIFT_COMPILATION_MODE = wholemodule;
				VALIDATE_PRODUCT = YES;
			};
			name = Release;
		};
		BA9ADEB02CA438C600F80ACA /* Debug */ = {
			isa = XCBuildConfiguration;
			buildSettings = {
				ASSETCATALOG_COMPILER_APPICON_NAME = AppIcon;
				ASSETCATALOG_COMPILER_GLOBAL_ACCENT_COLOR_NAME = AccentColor;
				CODE_SIGN_STYLE = Automatic;
				CURRENT_PROJECT_VERSION = 1;
				GENERATE_INFOPLIST_FILE = YES;
				INFOPLIST_FILE = ClickerAppGough/Info.plist;
				INFOPLIST_KEY_UIApplicationSupportsIndirectInputEvents = YES;
				INFOPLIST_KEY_UILaunchStoryboardName = LaunchScreen;
				INFOPLIST_KEY_UIMainStoryboardFile = Main;
				INFOPLIST_KEY_UISupportedInterfaceOrientations_iPad = "UIInterfaceOrientationPortrait UIInterfaceOrientationPortraitUpsideDown UIInterfaceOrientationLandscapeLeft UIInterfaceOrientationLandscapeRight";
				INFOPLIST_KEY_UISupportedInterfaceOrientations_iPhone = "UIInterfaceOrientationPortrait UIInterfaceOrientationLandscapeLeft UIInterfaceOrientationLandscapeRight";
				LD_RUNPATH_SEARCH_PATHS = (
					"$(inherited)",
					"@executable_path/Frameworks",
				);
				MARKETING_VERSION = 1.0;
				PRODUCT_BUNDLE_IDENTIFIER = clc.ClickerAppGough;
				PRODUCT_NAME = "$(TARGET_NAME)";
				SWIFT_EMIT_LOC_STRINGS = YES;
				SWIFT_VERSION = 5.0;
				TARGETED_DEVICE_FAMILY = "1,2";
			};
			name = Debug;
		};
		BA9ADEB12CA438C600F80ACA /* Release */ = {
			isa = XCBuildConfiguration;
			buildSettings = {
				ASSETCATALOG_COMPILER_APPICON_NAME = AppIcon;
				ASSETCATALOG_COMPILER_GLOBAL_ACCENT_COLOR_NAME = AccentColor;
				CODE_SIGN_STYLE = Automatic;
				CURRENT_PROJECT_VERSION = 1;
				GENERATE_INFOPLIST_FILE = YES;
				INFOPLIST_FILE = ClickerAppGough/Info.plist;
				INFOPLIST_KEY_UIApplicationSupportsIndirectInputEvents = YES;
				INFOPLIST_KEY_UILaunchStoryboardName = LaunchScreen;
				INFOPLIST_KEY_UIMainStoryboardFile = Main;
				INFOPLIST_KEY_UISupportedInterfaceOrientations_iPad = "UIInterfaceOrientationPortrait UIInterfaceOrientationPortraitUpsideDown UIInterfaceOrientationLandscapeLeft UIInterfaceOrientationLandscapeRight";
				INFOPLIST_KEY_UISupportedInterfaceOrientations_iPhone = "UIInterfaceOrientationPortrait UIInterfaceOrientationLandscapeLeft UIInterfaceOrientationLandscapeRight";
				LD_RUNPATH_SEARCH_PATHS = (
					"$(inherited)",
					"@executable_path/Frameworks",
				);
				MARKETING_VERSION = 1.0;
				PRODUCT_BUNDLE_IDENTIFIER = clc.ClickerAppGough;
				PRODUCT_NAME = "$(TARGET_NAME)";
				SWIFT_EMIT_LOC_STRINGS = YES;
				SWIFT_VERSION = 5.0;
				TARGETED_DEVICE_FAMILY = "1,2";
			};
			name = Release;
		};
/* End XCBuildConfiguration section */

/* Begin XCConfigurationList section */
		BA9ADE932CA438C400F80ACA /* Build configuration list for PBXProject "ClickerAppGough" */ = {
			isa = XCConfigurationList;
			buildConfigurations = (
				BA9ADEAD2CA438C600F80ACA /* Debug */,
				BA9ADEAE2CA438C600F80ACA /* Release */,
			);
			defaultConfigurationIsVisible = 0;
			defaultConfigurationName = Release;
		};
		BA9ADEAF2CA438C600F80ACA /* Build configuration list for PBXNativeTarget "ClickerAppGough" */ = {
			isa = XCConfigurationList;
			buildConfigurations = (
				BA9ADEB02CA438C600F80ACA /* Debug */,
				BA9ADEB12CA438C600F80ACA /* Release */,
			);
			defaultConfigurationIsVisible = 0;
			defaultConfigurationName = Release;
		};
/* End XCConfigurationList section */

/* Begin XCVersionGroup section */
		BA9ADEA42CA438C400F80ACA /* ClickerAppGough.xcdatamodeld */ = {
			isa = XCVersionGroup;
			children = (
				BA9ADEA52CA438C400F80ACA /* ClickerAppGough.xcdatamodel */,
			);
			currentVersion = BA9ADEA52CA438C400F80ACA /* ClickerAppGough.xcdatamodel */;
			path = ClickerAppGough.xcdatamodeld;
			sourceTree = "<group>";
			versionGroupType = wrapper.xcdatamodel;
		};
/* End XCVersionGroup section */
	};
	rootObject = BA9ADE902CA438C400F80ACA /* Project object */;
}
